// !$*UTF8*$!
{
	archiveVersion = 1;
	classes = {
	};
	objectVersion = 56;
	objects = {

/* Begin PBXBuildFile section */
		3A6D9AC52ABC159400DEC2E1 /* AppDelegate.swift in Sources */ = {isa = PBXBuildFile; fileRef = 3A6D9AC42ABC159400DEC2E1 /* AppDelegate.swift */; };
		3A6D9AC72ABC159400DEC2E1 /* SceneDelegate.swift in Sources */ = {isa = PBXBuildFile; fileRef = 3A6D9AC62ABC159400DEC2E1 /* SceneDelegate.swift */; };
		3A6D9AC92ABC159400DEC2E1 /* HomeViewController.swift in Sources */ = {isa = PBXBuildFile; fileRef = 3A6D9AC82ABC159400DEC2E1 /* HomeViewController.swift */; };
		3A6D9ACE2ABC159800DEC2E1 /* Assets.xcassets in Resources */ = {isa = PBXBuildFile; fileRef = 3A6D9ACD2ABC159800DEC2E1 /* Assets.xcassets */; };
		3A6D9AD12ABC159800DEC2E1 /* LaunchScreen.storyboard in Resources */ = {isa = PBXBuildFile; fileRef = 3A6D9ACF2ABC159800DEC2E1 /* LaunchScreen.storyboard */; };
		3A6D9AD92ABC17E900DEC2E1 /* TabBarAndNavigationController.swift in Sources */ = {isa = PBXBuildFile; fileRef = 3A6D9AD82ABC17E900DEC2E1 /* TabBarAndNavigationController.swift */; };
		3A6D9ADB2ABC184E00DEC2E1 /* BasketViewController.swift in Sources */ = {isa = PBXBuildFile; fileRef = 3A6D9ADA2ABC184E00DEC2E1 /* BasketViewController.swift */; };
		3A6D9ADD2ABC18D100DEC2E1 /* InfoViewController.swift in Sources */ = {isa = PBXBuildFile; fileRef = 3A6D9ADC2ABC18D100DEC2E1 /* InfoViewController.swift */; };
		3A6D9AE12ABC275D00DEC2E1 /* HorizontalCollectionViewCell.swift in Sources */ = {isa = PBXBuildFile; fileRef = 3A6D9AE02ABC275D00DEC2E1 /* HorizontalCollectionViewCell.swift */; };
		3A6D9AE52ABC2F9900DEC2E1 /* Model.swift in Sources */ = {isa = PBXBuildFile; fileRef = 3A6D9AE42ABC2F9900DEC2E1 /* Model.swift */; };
		3A6D9AE82ABC309A00DEC2E1 /* CategoryApiCaller.swift in Sources */ = {isa = PBXBuildFile; fileRef = 3A6D9AE72ABC309A00DEC2E1 /* CategoryApiCaller.swift */; };
		3A6D9AEB2ABC321500DEC2E1 /* getImage.swift in Sources */ = {isa = PBXBuildFile; fileRef = 3A6D9AEA2ABC321500DEC2E1 /* getImage.swift */; };
		3A6D9AED2ABC69BD00DEC2E1 /* VerticalCollectionViewCell.swift in Sources */ = {isa = PBXBuildFile; fileRef = 3A6D9AEC2ABC69BD00DEC2E1 /* VerticalCollectionViewCell.swift */; };
/* End PBXBuildFile section */

/* Begin PBXFileReference section */
		3A6D9AC12ABC159400DEC2E1 /* SushiTestApp.app */ = {isa = PBXFileReference; explicitFileType = wrapper.application; includeInIndex = 0; path = SushiTestApp.app; sourceTree = BUILT_PRODUCTS_DIR; };
		3A6D9AC42ABC159400DEC2E1 /* AppDelegate.swift */ = {isa = PBXFileReference; lastKnownFileType = sourcecode.swift; path = AppDelegate.swift; sourceTree = "<group>"; };
		3A6D9AC62ABC159400DEC2E1 /* SceneDelegate.swift */ = {isa = PBXFileReference; lastKnownFileType = sourcecode.swift; path = SceneDelegate.swift; sourceTree = "<group>"; };
		3A6D9AC82ABC159400DEC2E1 /* HomeViewController.swift */ = {isa = PBXFileReference; lastKnownFileType = sourcecode.swift; path = HomeViewController.swift; sourceTree = "<group>"; };
		3A6D9ACD2ABC159800DEC2E1 /* Assets.xcassets */ = {isa = PBXFileReference; lastKnownFileType = folder.assetcatalog; path = Assets.xcassets; sourceTree = "<group>"; };
		3A6D9AD02ABC159800DEC2E1 /* Base */ = {isa = PBXFileReference; lastKnownFileType = file.storyboard; name = Base; path = Base.lproj/LaunchScreen.storyboard; sourceTree = "<group>"; };
		3A6D9AD22ABC159800DEC2E1 /* Info.plist */ = {isa = PBXFileReference; lastKnownFileType = text.plist.xml; path = Info.plist; sourceTree = "<group>"; };
		3A6D9AD82ABC17E900DEC2E1 /* TabBarAndNavigationController.swift */ = {isa = PBXFileReference; lastKnownFileType = sourcecode.swift; path = TabBarAndNavigationController.swift; sourceTree = "<group>"; };
		3A6D9ADA2ABC184E00DEC2E1 /* BasketViewController.swift */ = {isa = PBXFileReference; lastKnownFileType = sourcecode.swift; path = BasketViewController.swift; sourceTree = "<group>"; };
		3A6D9ADC2ABC18D100DEC2E1 /* InfoViewController.swift */ = {isa = PBXFileReference; lastKnownFileType = sourcecode.swift; path = InfoViewController.swift; sourceTree = "<group>"; };
		3A6D9AE02ABC275D00DEC2E1 /* HorizontalCollectionViewCell.swift */ = {isa = PBXFileReference; lastKnownFileType = sourcecode.swift; path = HorizontalCollectionViewCell.swift; sourceTree = "<group>"; };
		3A6D9AE42ABC2F9900DEC2E1 /* Model.swift */ = {isa = PBXFileReference; lastKnownFileType = sourcecode.swift; path = Model.swift; sourceTree = "<group>"; };
		3A6D9AE72ABC309A00DEC2E1 /* CategoryApiCaller.swift */ = {isa = PBXFileReference; lastKnownFileType = sourcecode.swift; path = CategoryApiCaller.swift; sourceTree = "<group>"; };
		3A6D9AEA2ABC321500DEC2E1 /* getImage.swift */ = {isa = PBXFileReference; lastKnownFileType = sourcecode.swift; path = getImage.swift; sourceTree = "<group>"; };
		3A6D9AEC2ABC69BD00DEC2E1 /* VerticalCollectionViewCell.swift */ = {isa = PBXFileReference; lastKnownFileType = sourcecode.swift; path = VerticalCollectionViewCell.swift; sourceTree = "<group>"; };
/* End PBXFileReference section */

/* Begin PBXFrameworksBuildPhase section */
		3A6D9ABE2ABC159400DEC2E1 /* Frameworks */ = {
			isa = PBXFrameworksBuildPhase;
			buildActionMask = 2147483647;
			files = (
			);
			runOnlyForDeploymentPostprocessing = 0;
		};
/* End PBXFrameworksBuildPhase section */

/* Begin PBXGroup section */
		3A6D9AB82ABC159400DEC2E1 = {
			isa = PBXGroup;
			children = (
				3A6D9AC32ABC159400DEC2E1 /* SushiTestApp */,
				3A6D9AC22ABC159400DEC2E1 /* Products */,
			);
			sourceTree = "<group>";
		};
		3A6D9AC22ABC159400DEC2E1 /* Products */ = {
			isa = PBXGroup;
			children = (
				3A6D9AC12ABC159400DEC2E1 /* SushiTestApp.app */,
			);
			name = Products;
			sourceTree = "<group>";
		};
		3A6D9AC32ABC159400DEC2E1 /* SushiTestApp */ = {
			isa = PBXGroup;
			children = (
				3A6D9AE92ABC320800DEC2E1 /* Extensions */,
				3A6D9AE62ABC308900DEC2E1 /* Networking */,
				3A6D9AE32ABC2F8B00DEC2E1 /* Model */,
				3A6D9AC42ABC159400DEC2E1 /* AppDelegate.swift */,
				3A6D9AC62ABC159400DEC2E1 /* SceneDelegate.swift */,
				3A6D9ADF2ABC1D1500DEC2E1 /* Navigation */,
				3A6D9ADE2ABC1D0100DEC2E1 /* ViewController */,
				3A6D9ACD2ABC159800DEC2E1 /* Assets.xcassets */,
				3A6D9ACF2ABC159800DEC2E1 /* LaunchScreen.storyboard */,
				3A6D9AD22ABC159800DEC2E1 /* Info.plist */,
			);
			path = SushiTestApp;
			sourceTree = "<group>";
		};
		3A6D9ADE2ABC1D0100DEC2E1 /* ViewController */ = {
			isa = PBXGroup;
			children = (
				3A6D9AE22ABC276A00DEC2E1 /* ColecctionViewCells */,
				3A6D9AC82ABC159400DEC2E1 /* HomeViewController.swift */,
				3A6D9ADC2ABC18D100DEC2E1 /* InfoViewController.swift */,
				3A6D9ADA2ABC184E00DEC2E1 /* BasketViewController.swift */,
			);
			path = ViewController;
			sourceTree = "<group>";
		};
		3A6D9ADF2ABC1D1500DEC2E1 /* Navigation */ = {
			isa = PBXGroup;
			children = (
				3A6D9AD82ABC17E900DEC2E1 /* TabBarAndNavigationController.swift */,
			);
			path = Navigation;
			sourceTree = "<group>";
		};
		3A6D9AE22ABC276A00DEC2E1 /* ColecctionViewCells */ = {
			isa = PBXGroup;
			children = (
				3A6D9AE02ABC275D00DEC2E1 /* HorizontalCollectionViewCell.swift */,
				3A6D9AEC2ABC69BD00DEC2E1 /* VerticalCollectionViewCell.swift */,
			);
			path = ColecctionViewCells;
			sourceTree = "<group>";
		};
		3A6D9AE32ABC2F8B00DEC2E1 /* Model */ = {
			isa = PBXGroup;
			children = (
				3A6D9AE42ABC2F9900DEC2E1 /* Model.swift */,
			);
			path = Model;
			sourceTree = "<group>";
		};
		3A6D9AE62ABC308900DEC2E1 /* Networking */ = {
			isa = PBXGroup;
			children = (
				3A6D9AE72ABC309A00DEC2E1 /* CategoryApiCaller.swift */,
			);
			path = Networking;
			sourceTree = "<group>";
		};
		3A6D9AE92ABC320800DEC2E1 /* Extensions */ = {
			isa = PBXGroup;
			children = (
				3A6D9AEA2ABC321500DEC2E1 /* getImage.swift */,
			);
			path = Extensions;
			sourceTree = "<group>";
		};
/* End PBXGroup section */

/* Begin PBXNativeTarget section */
		3A6D9AC02ABC159400DEC2E1 /* SushiTestApp */ = {
			isa = PBXNativeTarget;
			buildConfigurationList = 3A6D9AD52ABC159800DEC2E1 /* Build configuration list for PBXNativeTarget "SushiTestApp" */;
			buildPhases = (
				3A6D9ABD2ABC159400DEC2E1 /* Sources */,
				3A6D9ABE2ABC159400DEC2E1 /* Frameworks */,
				3A6D9ABF2ABC159400DEC2E1 /* Resources */,
			);
			buildRules = (
			);
			dependencies = (
			);
			name = SushiTestApp;
			productName = SushiTestApp;
			productReference = 3A6D9AC12ABC159400DEC2E1 /* SushiTestApp.app */;
			productType = "com.apple.product-type.application";
		};
/* End PBXNativeTarget section */

/* Begin PBXProject section */
		3A6D9AB92ABC159400DEC2E1 /* Project object */ = {
			isa = PBXProject;
			attributes = {
				BuildIndependentTargetsInParallel = 1;
				LastSwiftUpdateCheck = 1430;
				LastUpgradeCheck = 1430;
				TargetAttributes = {
					3A6D9AC02ABC159400DEC2E1 = {
						CreatedOnToolsVersion = 14.3;
					};
				};
			};
			buildConfigurationList = 3A6D9ABC2ABC159400DEC2E1 /* Build configuration list for PBXProject "SushiTestApp" */;
			compatibilityVersion = "Xcode 14.0";
			developmentRegion = en;
			hasScannedForEncodings = 0;
			knownRegions = (
				en,
				Base,
			);
			mainGroup = 3A6D9AB82ABC159400DEC2E1;
			productRefGroup = 3A6D9AC22ABC159400DEC2E1 /* Products */;
			projectDirPath = "";
			projectRoot = "";
			targets = (
				3A6D9AC02ABC159400DEC2E1 /* SushiTestApp */,
			);
		};
/* End PBXProject section */

/* Begin PBXResourcesBuildPhase section */
		3A6D9ABF2ABC159400DEC2E1 /* Resources */ = {
			isa = PBXResourcesBuildPhase;
			buildActionMask = 2147483647;
			files = (
				3A6D9AD12ABC159800DEC2E1 /* LaunchScreen.storyboard in Resources */,
				3A6D9ACE2ABC159800DEC2E1 /* Assets.xcassets in Resources */,
			);
			runOnlyForDeploymentPostprocessing = 0;
		};
/* End PBXResourcesBuildPhase section */

/* Begin PBXSourcesBuildPhase section */
		3A6D9ABD2ABC159400DEC2E1 /* Sources */ = {
			isa = PBXSourcesBuildPhase;
			buildActionMask = 2147483647;
			files = (
				3A6D9ADB2ABC184E00DEC2E1 /* BasketViewController.swift in Sources */,
				3A6D9AC92ABC159400DEC2E1 /* HomeViewController.swift in Sources */,
				3A6D9AE12ABC275D00DEC2E1 /* HorizontalCollectionViewCell.swift in Sources */,
				3A6D9AE82ABC309A00DEC2E1 /* CategoryApiCaller.swift in Sources */,
				3A6D9AD92ABC17E900DEC2E1 /* TabBarAndNavigationController.swift in Sources */,
				3A6D9AC52ABC159400DEC2E1 /* AppDelegate.swift in Sources */,
				3A6D9AEB2ABC321500DEC2E1 /* getImage.swift in Sources */,
				3A6D9ADD2ABC18D100DEC2E1 /* InfoViewController.swift in Sources */,
				3A6D9AC72ABC159400DEC2E1 /* SceneDelegate.swift in Sources */,
				3A6D9AE52ABC2F9900DEC2E1 /* Model.swift in Sources */,
				3A6D9AED2ABC69BD00DEC2E1 /* VerticalCollectionViewCell.swift in Sources */,
			);
			runOnlyForDeploymentPostprocessing = 0;
		};
/* End PBXSourcesBuildPhase section */

/* Begin PBXVariantGroup section */
		3A6D9ACF2ABC159800DEC2E1 /* LaunchScreen.storyboard */ = {
			isa = PBXVariantGroup;
			children = (
				3A6D9AD02ABC159800DEC2E1 /* Base */,
			);
			name = LaunchScreen.storyboard;
			sourceTree = "<group>";
		};
/* End PBXVariantGroup section */

/* Begin XCBuildConfiguration section */
		3A6D9AD32ABC159800DEC2E1 /* Debug */ = {
			isa = XCBuildConfiguration;
			buildSettings = {
				ALWAYS_SEARCH_USER_PATHS = NO;
				CLANG_ANALYZER_NONNULL = YES;
				CLANG_ANALYZER_NUMBER_OBJECT_CONVERSION = YES_AGGRESSIVE;
				CLANG_CXX_LANGUAGE_STANDARD = "gnu++20";
				CLANG_ENABLE_MODULES = YES;
				CLANG_ENABLE_OBJC_ARC = YES;
				CLANG_ENABLE_OBJC_WEAK = YES;
				CLANG_WARN_BLOCK_CAPTURE_AUTORELEASING = YES;
				CLANG_WARN_BOOL_CONVERSION = YES;
				CLANG_WARN_COMMA = YES;
				CLANG_WARN_CONSTANT_CONVERSION = YES;
				CLANG_WARN_DEPRECATED_OBJC_IMPLEMENTATIONS = YES;
				CLANG_WARN_DIRECT_OBJC_ISA_USAGE = YES_ERROR;
				CLANG_WARN_DOCUMENTATION_COMMENTS = YES;
				CLANG_WARN_EMPTY_BODY = YES;
				CLANG_WARN_ENUM_CONVERSION = YES;
				CLANG_WARN_INFINITE_RECURSION = YES;
				CLANG_WARN_INT_CONVERSION = YES;
				CLANG_WARN_NON_LITERAL_NULL_CONVERSION = YES;
				CLANG_WARN_OBJC_IMPLICIT_RETAIN_SELF = YES;
				CLANG_WARN_OBJC_LITERAL_CONVERSION = YES;
				CLANG_WARN_OBJC_ROOT_CLASS = YES_ERROR;
				CLANG_WARN_QUOTED_INCLUDE_IN_FRAMEWORK_HEADER = YES;
				CLANG_WARN_RANGE_LOOP_ANALYSIS = YES;
				CLANG_WARN_STRICT_PROTOTYPES = YES;
				CLANG_WARN_SUSPICIOUS_MOVE = YES;
				CLANG_WARN_UNGUARDED_AVAILABILITY = YES_AGGRESSIVE;
				CLANG_WARN_UNREACHABLE_CODE = YES;
				CLANG_WARN__DUPLICATE_METHOD_MATCH = YES;
				COPY_PHASE_STRIP = NO;
				DEBUG_INFORMATION_FORMAT = dwarf;
				ENABLE_STRICT_OBJC_MSGSEND = YES;
				ENABLE_TESTABILITY = YES;
				GCC_C_LANGUAGE_STANDARD = gnu11;
				GCC_DYNAMIC_NO_PIC = NO;
				GCC_NO_COMMON_BLOCKS = YES;
				GCC_OPTIMIZATION_LEVEL = 0;
				GCC_PREPROCESSOR_DEFINITIONS = (
					"DEBUG=1",
					"$(inherited)",
				);
				GCC_WARN_64_TO_32_BIT_CONVERSION = YES;
				GCC_WARN_ABOUT_RETURN_TYPE = YES_ERROR;
				GCC_WARN_UNDECLARED_SELECTOR = YES;
				GCC_WARN_UNINITIALIZED_AUTOS = YES_AGGRESSIVE;
				GCC_WARN_UNUSED_FUNCTION = YES;
				GCC_WARN_UNUSED_VARIABLE = YES;
				IPHONEOS_DEPLOYMENT_TARGET = 16.4;
				MTL_ENABLE_DEBUG_INFO = INCLUDE_SOURCE;
				MTL_FAST_MATH = YES;
				ONLY_ACTIVE_ARCH = YES;
				SDKROOT = iphoneos;
				SWIFT_ACTIVE_COMPILATION_CONDITIONS = DEBUG;
				SWIFT_OPTIMIZATION_LEVEL = "-Onone";
			};
			name = Debug;
		};
		3A6D9AD42ABC159800DEC2E1 /* Release */ = {
			isa = XCBuildConfiguration;
			buildSettings = {
				ALWAYS_SEARCH_USER_PATHS = NO;
				CLANG_ANALYZER_NONNULL = YES;
				CLANG_ANALYZER_NUMBER_OBJECT_CONVERSION = YES_AGGRESSIVE;
				CLANG_CXX_LANGUAGE_STANDARD = "gnu++20";
				CLANG_ENABLE_MODULES = YES;
				CLANG_ENABLE_OBJC_ARC = YES;
				CLANG_ENABLE_OBJC_WEAK = YES;
				CLANG_WARN_BLOCK_CAPTURE_AUTORELEASING = YES;
				CLANG_WARN_BOOL_CONVERSION = YES;
				CLANG_WARN_COMMA = YES;
				CLANG_WARN_CONSTANT_CONVERSION = YES;
				CLANG_WARN_DEPRECATED_OBJC_IMPLEMENTATIONS = YES;
				CLANG_WARN_DIRECT_OBJC_ISA_USAGE = YES_ERROR;
				CLANG_WARN_DOCUMENTATION_COMMENTS = YES;
				CLANG_WARN_EMPTY_BODY = YES;
				CLANG_WARN_ENUM_CONVERSION = YES;
				CLANG_WARN_INFINITE_RECURSION = YES;
				CLANG_WARN_INT_CONVERSION = YES;
				CLANG_WARN_NON_LITERAL_NULL_CONVERSION = YES;
				CLANG_WARN_OBJC_IMPLICIT_RETAIN_SELF = YES;
				CLANG_WARN_OBJC_LITERAL_CONVERSION = YES;
				CLANG_WARN_OBJC_ROOT_CLASS = YES_ERROR;
				CLANG_WARN_QUOTED_INCLUDE_IN_FRAMEWORK_HEADER = YES;
				CLANG_WARN_RANGE_LOOP_ANALYSIS = YES;
				CLANG_WARN_STRICT_PROTOTYPES = YES;
				CLANG_WARN_SUSPICIOUS_MOVE = YES;
				CLANG_WARN_UNGUARDED_AVAILABILITY = YES_AGGRESSIVE;
				CLANG_WARN_UNREACHABLE_CODE = YES;
				CLANG_WARN__DUPLICATE_METHOD_MATCH = YES;
				COPY_PHASE_STRIP = NO;
				DEBUG_INFORMATION_FORMAT = "dwarf-with-dsym";
				ENABLE_NS_ASSERTIONS = NO;
				ENABLE_STRICT_OBJC_MSGSEND = YES;
				GCC_C_LANGUAGE_STANDARD = gnu11;
				GCC_NO_COMMON_BLOCKS = YES;
				GCC_WARN_64_TO_32_BIT_CONVERSION = YES;
				GCC_WARN_ABOUT_RETURN_TYPE = YES_ERROR;
				GCC_WARN_UNDECLARED_SELECTOR = YES;
				GCC_WARN_UNINITIALIZED_AUTOS = YES_AGGRESSIVE;
				GCC_WARN_UNUSED_FUNCTION = YES;
				GCC_WARN_UNUSED_VARIABLE = YES;
				IPHONEOS_DEPLOYMENT_TARGET = 16.4;
				MTL_ENABLE_DEBUG_INFO = NO;
				MTL_FAST_MATH = YES;
				SDKROOT = iphoneos;
				SWIFT_COMPILATION_MODE = wholemodule;
				SWIFT_OPTIMIZATION_LEVEL = "-O";
				VALIDATE_PRODUCT = YES;
			};
			name = Release;
		};
		3A6D9AD62ABC159800DEC2E1 /* Debug */ = {
			isa = XCBuildConfiguration;
			buildSettings = {
				ASSETCATALOG_COMPILER_APPICON_NAME = AppIcon;
				ASSETCATALOG_COMPILER_GLOBAL_ACCENT_COLOR_NAME = AccentColor;
				CODE_SIGN_STYLE = Automatic;
				CURRENT_PROJECT_VERSION = 1;
				DEVELOPMENT_TEAM = CD2H8U7Z2G;
				GENERATE_INFOPLIST_FILE = YES;
				INFOPLIST_FILE = SushiTestApp/Info.plist;
				INFOPLIST_KEY_UIApplicationSupportsIndirectInputEvents = YES;
				INFOPLIST_KEY_UILaunchStoryboardName = LaunchScreen;
				INFOPLIST_KEY_UISupportedInterfaceOrientations_iPad = "UIInterfaceOrientationPortrait UIInterfaceOrientationPortraitUpsideDown UIInterfaceOrientationLandscapeLeft UIInterfaceOrientationLandscapeRight";
				INFOPLIST_KEY_UISupportedInterfaceOrientations_iPhone = "UIInterfaceOrientationPortrait UIInterfaceOrientationLandscapeLeft UIInterfaceOrientationLandscapeRight";
				LD_RUNPATH_SEARCH_PATHS = (
					"$(inherited)",
					"@executable_path/Frameworks",
				);
				MARKETING_VERSION = 1.0;
				PRODUCT_BUNDLE_IDENTIFIER = "Anton-Kasian.SushiTestApp";
				PRODUCT_NAME = "$(TARGET_NAME)";
				SWIFT_EMIT_LOC_STRINGS = YES;
				SWIFT_VERSION = 5.0;
				TARGETED_DEVICE_FAMILY = "1,2";
			};
			name = Debug;
		};
		3A6D9AD72ABC159800DEC2E1 /* Release */ = {
			isa = XCBuildConfiguration;
			buildSettings = {
				ASSETCATALOG_COMPILER_APPICON_NAME = AppIcon;
				ASSETCATALOG_COMPILER_GLOBAL_ACCENT_COLOR_NAME = AccentColor;
				CODE_SIGN_STYLE = Automatic;
				CURRENT_PROJECT_VERSION = 1;
				DEVELOPMENT_TEAM = CD2H8U7Z2G;
				GENERATE_INFOPLIST_FILE = YES;
				INFOPLIST_FILE = SushiTestApp/Info.plist;
				INFOPLIST_KEY_UIApplicationSupportsIndirectInputEvents = YES;
				INFOPLIST_KEY_UILaunchStoryboardName = LaunchScreen;
				INFOPLIST_KEY_UISupportedInterfaceOrientations_iPad = "UIInterfaceOrientationPortrait UIInterfaceOrientationPortraitUpsideDown UIInterfaceOrientationLandscapeLeft UIInterfaceOrientationLandscapeRight";
				INFOPLIST_KEY_UISupportedInterfaceOrientations_iPhone = "UIInterfaceOrientationPortrait UIInterfaceOrientationLandscapeLeft UIInterfaceOrientationLandscapeRight";
				LD_RUNPATH_SEARCH_PATHS = (
					"$(inherited)",
					"@executable_path/Frameworks",
				);
				MARKETING_VERSION = 1.0;
				PRODUCT_BUNDLE_IDENTIFIER = "Anton-Kasian.SushiTestApp";
				PRODUCT_NAME = "$(TARGET_NAME)";
				SWIFT_EMIT_LOC_STRINGS = YES;
				SWIFT_VERSION = 5.0;
				TARGETED_DEVICE_FAMILY = "1,2";
			};
			name = Release;
		};
/* End XCBuildConfiguration section */

/* Begin XCConfigurationList section */
		3A6D9ABC2ABC159400DEC2E1 /* Build configuration list for PBXProject "SushiTestApp" */ = {
			isa = XCConfigurationList;
			buildConfigurations = (
				3A6D9AD32ABC159800DEC2E1 /* Debug */,
				3A6D9AD42ABC159800DEC2E1 /* Release */,
			);
			defaultConfigurationIsVisible = 0;
			defaultConfigurationName = Release;
		};
		3A6D9AD52ABC159800DEC2E1 /* Build configuration list for PBXNativeTarget "SushiTestApp" */ = {
			isa = XCConfigurationList;
			buildConfigurations = (
				3A6D9AD62ABC159800DEC2E1 /* Debug */,
				3A6D9AD72ABC159800DEC2E1 /* Release */,
			);
			defaultConfigurationIsVisible = 0;
			defaultConfigurationName = Release;
		};
/* End XCConfigurationList section */
	};
	rootObject = 3A6D9AB92ABC159400DEC2E1 /* Project object */;
}
